
Microsoft Visual Studio Solution File, Format Version 12.00
# Visual Studio Version 17
VisualStudioVersion = 17.1.32414.318
MinimumVisualStudioVersion = 10.0.40219.1
Project("{FAE04EC0-301F-11D3-BF4B-00C04F79EFBC}") = "WordCounter", "WordCounter\WordCounter.csproj", "{CF593211-D957-461B-967D-AA9ED131A27E}"
EndProject
Project("{FAE04EC0-301F-11D3-BF4B-00C04F79EFBC}") = "WordCounter.Tests", "WordCounter.Tests\WordCounter.Tests.csproj", "{EA0C2249-FFBB-4AF8-BAB5-D669B395767C}"
EndProject
Global
	GlobalSection(SolutionConfigurationPlatforms) = preSolution
		Debug|Any CPU = Debug|Any CPU
		Release|Any CPU = Release|Any CPU
	EndGlobalSection
	GlobalSection(ProjectConfigurationPlatforms) = postSolution
		{CF593211-D957-461B-967D-AA9ED131A27E}.Debug|Any CPU.ActiveCfg = Debug|Any CPU
		{CF593211-D957-461B-967D-AA9ED131A27E}.Debug|Any CPU.Build.0 = Debug|Any CPU
		{CF593211-D957-461B-967D-AA9ED131A27E}.Release|Any CPU.ActiveCfg = Release|Any CPU
		{CF593211-D957-461B-967D-AA9ED131A27E}.Release|Any CPU.Build.0 = Release|Any CPU
		{EA0C2249-FFBB-4AF8-BAB5-D669B395767C}.Debug|Any CPU.ActiveCfg = Debug|Any CPU
		{EA0C2249-FFBB-4AF8-BAB5-D669B395767C}.Debug|Any CPU.Build.0 = Debug|Any CPU
		{EA0C2249-FFBB-4AF8-BAB5-D669B395767C}.Release|Any CPU.ActiveCfg = Release|Any CPU
		{EA0C2249-FFBB-4AF8-BAB5-D669B395767C}.Release|Any CPU.Build.0 = Release|Any CPU
	EndGlobalSection
	GlobalSection(SolutionProperties) = preSolution
		HideSolutionNode = FALSE
	EndGlobalSection
	GlobalSection(ExtensibilityGlobals) = postSolution
		SolutionGuid = {ED7D3FDC-77DD-4EE6-8A29-68D820A3E267}
	EndGlobalSection
EndGlobal
